
Microsoft Visual Studio Solution File, Format Version 12.00
# Visual Studio Version 16
VisualStudioVersion = 16.0.31507.150
MinimumVisualStudioVersion = 10.0.40219.1
Project("{FAE04EC0-301F-11D3-BF4B-00C04F79EFBC}") = "WEBCOREBCC2021", "WEBCOREBCC2021.csproj", "{C1EC31E4-D37F-4A11-8F3E-BDC50AA5DD60}"
EndProject
Global
	GlobalSection(SolutionConfigurationPlatforms) = preSolution
		Debug|Any CPU = Debug|Any CPU
		Release|Any CPU = Release|Any CPU
	EndGlobalSection
	GlobalSection(ProjectConfigurationPlatforms) = postSolution
		{C1EC31E4-D37F-4A11-8F3E-BDC50AA5DD60}.Debug|Any CPU.ActiveCfg = Debug|Any CPU
		{C1EC31E4-D37F-4A11-8F3E-BDC50AA5DD60}.Debug|Any CPU.Build.0 = Debug|Any CPU
		{C1EC31E4-D37F-4A11-8F3E-BDC50AA5DD60}.Release|Any CPU.ActiveCfg = Release|Any CPU
		{C1EC31E4-D37F-4A11-8F3E-BDC50AA5DD60}.Release|Any CPU.Build.0 = Release|Any CPU
	EndGlobalSection
	GlobalSection(SolutionProperties) = preSolution
		HideSolutionNode = FALSE
	EndGlobalSection
	GlobalSection(ExtensibilityGlobals) = postSolution
		SolutionGuid = {A07FCA0D-9847-4F52-81E3-A47B1E9A95F7}
	EndGlobalSection
EndGlobal
